// !$*UTF8*$!
{
	archiveVersion = 1;
	classes = {
	};
	objectVersion = 50;
	objects = {

/* Begin PBXBuildFile section */
		B0392EA922B8E3FF00D44BA2 /* AppDelegate.swift in Sources */ = {isa = PBXBuildFile; fileRef = B0392EA822B8E3FF00D44BA2 /* AppDelegate.swift */; };
		B0392EAB22B8E3FF00D44BA2 /* CustomViewController.swift in Sources */ = {isa = PBXBuildFile; fileRef = B0392EAA22B8E3FF00D44BA2 /* CustomViewController.swift */; };
		B0392EAE22B8E3FF00D44BA2 /* Main.storyboard in Resources */ = {isa = PBXBuildFile; fileRef = B0392EAC22B8E3FF00D44BA2 /* Main.storyboard */; };
		B0392EB022B8E40300D44BA2 /* Assets.xcassets in Resources */ = {isa = PBXBuildFile; fileRef = B0392EAF22B8E40300D44BA2 /* Assets.xcassets */; };
		B0392EB322B8E40300D44BA2 /* LaunchScreen.storyboard in Resources */ = {isa = PBXBuildFile; fileRef = B0392EB122B8E40300D44BA2 /* LaunchScreen.storyboard */; };
		B0392EBB22B8E55700D44BA2 /* AddEditViewController.swift in Sources */ = {isa = PBXBuildFile; fileRef = B0392EBA22B8E55700D44BA2 /* AddEditViewController.swift */; };
/* End PBXBuildFile section */

/* Begin PBXFileReference section */
		B0392EA522B8E3FF00D44BA2 /* AddEditDelete_Search.app */ = {isa = PBXFileReference; explicitFileType = wrapper.application; includeInIndex = 0; path = AddEditDelete_Search.app; sourceTree = BUILT_PRODUCTS_DIR; };
		B0392EA822B8E3FF00D44BA2 /* AppDelegate.swift */ = {isa = PBXFileReference; lastKnownFileType = sourcecode.swift; path = AppDelegate.swift; sourceTree = "<group>"; };
		B0392EAA22B8E3FF00D44BA2 /* CustomViewController.swift */ = {isa = PBXFileReference; lastKnownFileType = sourcecode.swift; path = CustomViewController.swift; sourceTree = "<group>"; };
		B0392EAD22B8E3FF00D44BA2 /* Base */ = {isa = PBXFileReference; lastKnownFileType = file.storyboard; name = Base; path = Base.lproj/Main.storyboard; sourceTree = "<group>"; };
		B0392EAF22B8E40300D44BA2 /* Assets.xcassets */ = {isa = PBXFileReference; lastKnownFileType = folder.assetcatalog; path = Assets.xcassets; sourceTree = "<group>"; };
		B0392EB222B8E40300D44BA2 /* Base */ = {isa = PBXFileReference; lastKnownFileType = file.storyboard; name = Base; path = Base.lproj/LaunchScreen.storyboard; sourceTree = "<group>"; };
		B0392EB422B8E40300D44BA2 /* Info.plist */ = {isa = PBXFileReference; lastKnownFileType = text.plist.xml; path = Info.plist; sourceTree = "<group>"; };
		B0392EBA22B8E55700D44BA2 /* AddEditViewController.swift */ = {isa = PBXFileReference; lastKnownFileType = sourcecode.swift; path = AddEditViewController.swift; sourceTree = "<group>"; };
/* End PBXFileReference section */

/* Begin PBXFrameworksBuildPhase section */
		B0392EA222B8E3FF00D44BA2 /* Frameworks */ = {
			isa = PBXFrameworksBuildPhase;
			buildActionMask = 2147483647;
			files = (
			);
			runOnlyForDeploymentPostprocessing = 0;
		};
/* End PBXFrameworksBuildPhase section */

/* Begin PBXGroup section */
		B0392E9C22B8E3FF00D44BA2 = {
			isa = PBXGroup;
			children = (
				B0392EA722B8E3FF00D44BA2 /* AddEditDelete_Search */,
				B0392EA622B8E3FF00D44BA2 /* Products */,
			);
			sourceTree = "<group>";
		};
		B0392EA622B8E3FF00D44BA2 /* Products */ = {
			isa = PBXGroup;
			children = (
				B0392EA522B8E3FF00D44BA2 /* AddEditDelete_Search.app */,
			);
			name = Products;
			sourceTree = "<group>";
		};
		B0392EA722B8E3FF00D44BA2 /* AddEditDelete_Search */ = {
			isa = PBXGroup;
			children = (
				B0392EA822B8E3FF00D44BA2 /* AppDelegate.swift */,
				B0392EAA22B8E3FF00D44BA2 /* CustomViewController.swift */,
				B0392EAC22B8E3FF00D44BA2 /* Main.storyboard */,
				B0392EBA22B8E55700D44BA2 /* AddEditViewController.swift */,
				B0392EAF22B8E40300D44BA2 /* Assets.xcassets */,
				B0392EB122B8E40300D44BA2 /* LaunchScreen.storyboard */,
				B0392EB422B8E40300D44BA2 /* Info.plist */,
			);
			path = AddEditDelete_Search;
			sourceTree = "<group>";
		};
/* End PBXGroup section */

/* Begin PBXNativeTarget section */
		B0392EA422B8E3FF00D44BA2 /* AddEditDelete_Search */ = {
			isa = PBXNativeTarget;
			buildConfigurationList = B0392EB722B8E40300D44BA2 /* Build configuration list for PBXNativeTarget "AddEditDelete_Search" */;
			buildPhases = (
				B0392EA122B8E3FF00D44BA2 /* Sources */,
				B0392EA222B8E3FF00D44BA2 /* Frameworks */,
				B0392EA322B8E3FF00D44BA2 /* Resources */,
			);
			buildRules = (
			);
			dependencies = (
			);
			name = AddEditDelete_Search;
			productName = AddEditDelete_Search;
			productReference = B0392EA522B8E3FF00D44BA2 /* AddEditDelete_Search.app */;
			productType = "com.apple.product-type.application";
		};
/* End PBXNativeTarget section */

/* Begin PBXProject section */
		B0392E9D22B8E3FF00D44BA2 /* Project object */ = {
			isa = PBXProject;
			attributes = {
				LastSwiftUpdateCheck = 1010;
				LastUpgradeCheck = 1010;
				ORGANIZATIONNAME = Kamui;
				TargetAttributes = {
					B0392EA422B8E3FF00D44BA2 = {
						CreatedOnToolsVersion = 10.1;
					};
				};
			};
			buildConfigurationList = B0392EA022B8E3FF00D44BA2 /* Build configuration list for PBXProject "AddEditDelete_Search" */;
			compatibilityVersion = "Xcode 9.3";
			developmentRegion = en;
			hasScannedForEncodings = 0;
			knownRegions = (
				en,
				Base,
			);
			mainGroup = B0392E9C22B8E3FF00D44BA2;
			productRefGroup = B0392EA622B8E3FF00D44BA2 /* Products */;
			projectDirPath = "";
			projectRoot = "";
			targets = (
				B0392EA422B8E3FF00D44BA2 /* AddEditDelete_Search */,
			);
		};
/* End PBXProject section */

/* Begin PBXResourcesBuildPhase section */
		B0392EA322B8E3FF00D44BA2 /* Resources */ = {
			isa = PBXResourcesBuildPhase;
			buildActionMask = 2147483647;
			files = (
				B0392EB322B8E40300D44BA2 /* LaunchScreen.storyboard in Resources */,
				B0392EB022B8E40300D44BA2 /* Assets.xcassets in Resources */,
				B0392EAE22B8E3FF00D44BA2 /* Main.storyboard in Resources */,
			);
			runOnlyForDeploymentPostprocessing = 0;
		};
/* End PBXResourcesBuildPhase section */

/* Begin PBXSourcesBuildPhase section */
		B0392EA122B8E3FF00D44BA2 /* Sources */ = {
			isa = PBXSourcesBuildPhase;
			buildActionMask = 2147483647;
			files = (
				B0392EAB22B8E3FF00D44BA2 /* CustomViewController.swift in Sources */,
				B0392EA922B8E3FF00D44BA2 /* AppDelegate.swift in Sources */,
				B0392EBB22B8E55700D44BA2 /* AddEditViewController.swift in Sources */,
			);
			runOnlyForDeploymentPostprocessing = 0;
		};
/* End PBXSourcesBuildPhase section */

/* Begin PBXVariantGroup section */
		B0392EAC22B8E3FF00D44BA2 /* Main.storyboard */ = {
			isa = PBXVariantGroup;
			children = (
				B0392EAD22B8E3FF00D44BA2 /* Base */,
			);
			name = Main.storyboard;
			sourceTree = "<group>";
		};
		B0392EB122B8E40300D44BA2 /* LaunchScreen.storyboard */ = {
			isa = PBXVariantGroup;
			children = (
				B0392EB222B8E40300D44BA2 /* Base */,
			);
			name = LaunchScreen.storyboard;
			sourceTree = "<group>";
		};
/* End PBXVariantGroup section */

/* Begin XCBuildConfiguration section */
		B0392EB522B8E40300D44BA2 /* Debug */ = {
			isa = XCBuildConfiguration;
			buildSettings = {
				ALWAYS_SEARCH_USER_PATHS = NO;
				CLANG_ANALYZER_NONNULL = YES;
				CLANG_ANALYZER_NUMBER_OBJECT_CONVERSION = YES_AGGRESSIVE;
				CLANG_CXX_LANGUAGE_STANDARD = "gnu++14";
				CLANG_CXX_LIBRARY = "libc++";
				CLANG_ENABLE_MODULES = YES;
				CLANG_ENABLE_OBJC_ARC = YES;
				CLANG_ENABLE_OBJC_WEAK = YES;
				CLANG_WARN_BLOCK_CAPTURE_AUTORELEASING = YES;
				CLANG_WARN_BOOL_CONVERSION = YES;
				CLANG_WARN_COMMA = YES;
				CLANG_WARN_CONSTANT_CONVERSION = YES;
				CLANG_WARN_DEPRECATED_OBJC_IMPLEMENTATIONS = YES;
				CLANG_WARN_DIRECT_OBJC_ISA_USAGE = YES_ERROR;
				CLANG_WARN_DOCUMENTATION_COMMENTS = YES;
				CLANG_WARN_EMPTY_BODY = YES;
				CLANG_WARN_ENUM_CONVERSION = YES;
				CLANG_WARN_INFINITE_RECURSION = YES;
				CLANG_WARN_INT_CONVERSION = YES;
				CLANG_WARN_NON_LITERAL_NULL_CONVERSION = YES;
				CLANG_WARN_OBJC_IMPLICIT_RETAIN_SELF = YES;
				CLANG_WARN_OBJC_LITERAL_CONVERSION = YES;
				CLANG_WARN_OBJC_ROOT_CLASS = YES_ERROR;
				CLANG_WARN_RANGE_LOOP_ANALYSIS = YES;
				CLANG_WARN_STRICT_PROTOTYPES = YES;
				CLANG_WARN_SUSPICIOUS_MOVE = YES;
				CLANG_WARN_UNGUARDED_AVAILABILITY = YES_AGGRESSIVE;
				CLANG_WARN_UNREACHABLE_CODE = YES;
				CLANG_WARN__DUPLICATE_METHOD_MATCH = YES;
				CODE_SIGN_IDENTITY = "iPhone Developer";
				COPY_PHASE_STRIP = NO;
				DEBUG_INFORMATION_FORMAT = dwarf;
				ENABLE_STRICT_OBJC_MSGSEND = YES;
				ENABLE_TESTABILITY = YES;
				GCC_C_LANGUAGE_STANDARD = gnu11;
				GCC_DYNAMIC_NO_PIC = NO;
				GCC_NO_COMMON_BLOCKS = YES;
				GCC_OPTIMIZATION_LEVEL = 0;
				GCC_PREPROCESSOR_DEFINITIONS = (
					"DEBUG=1",
					"$(inherited)",
				);
				GCC_WARN_64_TO_32_BIT_CONVERSION = YES;
				GCC_WARN_ABOUT_RETURN_TYPE = YES_ERROR;
				GCC_WARN_UNDECLARED_SELECTOR = YES;
				GCC_WARN_UNINITIALIZED_AUTOS = YES_AGGRESSIVE;
				GCC_WARN_UNUSED_FUNCTION = YES;
				GCC_WARN_UNUSED_VARIABLE = YES;
				IPHONEOS_DEPLOYMENT_TARGET = 12.1;
				MTL_ENABLE_DEBUG_INFO = INCLUDE_SOURCE;
				MTL_FAST_MATH = YES;
				ONLY_ACTIVE_ARCH = YES;
				SDKROOT = iphoneos;
				SWIFT_ACTIVE_COMPILATION_CONDITIONS = DEBUG;
				SWIFT_OPTIMIZATION_LEVEL = "-Onone";
			};
			name = Debug;
		};
		B0392EB622B8E40300D44BA2 /* Release */ = {
			isa = XCBuildConfiguration;
			buildSettings = {
				ALWAYS_SEARCH_USER_PATHS = NO;
				CLANG_ANALYZER_NONNULL = YES;
				CLANG_ANALYZER_NUMBER_OBJECT_CONVERSION = YES_AGGRESSIVE;
				CLANG_CXX_LANGUAGE_STANDARD = "gnu++14";
				CLANG_CXX_LIBRARY = "libc++";
				CLANG_ENABLE_MODULES = YES;
				CLANG_ENABLE_OBJC_ARC = YES;
				CLANG_ENABLE_OBJC_WEAK = YES;
				CLANG_WARN_BLOCK_CAPTURE_AUTORELEASING = YES;
				CLANG_WARN_BOOL_CONVERSION = YES;
				CLANG_WARN_COMMA = YES;
				CLANG_WARN_CONSTANT_CONVERSION = YES;
				CLANG_WARN_DEPRECATED_OBJC_IMPLEMENTATIONS = YES;
				CLANG_WARN_DIRECT_OBJC_ISA_USAGE = YES_ERROR;
				CLANG_WARN_DOCUMENTATION_COMMENTS = YES;
				CLANG_WARN_EMPTY_BODY = YES;
				CLANG_WARN_ENUM_CONVERSION = YES;
				CLANG_WARN_INFINITE_RECURSION = YES;
				CLANG_WARN_INT_CONVERSION = YES;
				CLANG_WARN_NON_LITERAL_NULL_CONVERSION = YES;
				CLANG_WARN_OBJC_IMPLICIT_RETAIN_SELF = YES;
				CLANG_WARN_OBJC_LITERAL_CONVERSION = YES;
				CLANG_WARN_OBJC_ROOT_CLASS = YES_ERROR;
				CLANG_WARN_RANGE_LOOP_ANALYSIS = YES;
				CLANG_WARN_STRICT_PROTOTYPES = YES;
				CLANG_WARN_SUSPICIOUS_MOVE = YES;
				CLANG_WARN_UNGUARDED_AVAILABILITY = YES_AGGRESSIVE;
				CLANG_WARN_UNREACHABLE_CODE = YES;
				CLANG_WARN__DUPLICATE_METHOD_MATCH = YES;
				CODE_SIGN_IDENTITY = "iPhone Developer";
				COPY_PHASE_STRIP = NO;
				DEBUG_INFORMATION_FORMAT = "dwarf-with-dsym";
				ENABLE_NS_ASSERTIONS = NO;
				ENABLE_STRICT_OBJC_MSGSEND = YES;
				GCC_C_LANGUAGE_STANDARD = gnu11;
				GCC_NO_COMMON_BLOCKS = YES;
				GCC_WARN_64_TO_32_BIT_CONVERSION = YES;
				GCC_WARN_ABOUT_RETURN_TYPE = YES_ERROR;
				GCC_WARN_UNDECLARED_SELECTOR = YES;
				GCC_WARN_UNINITIALIZED_AUTOS = YES_AGGRESSIVE;
				GCC_WARN_UNUSED_FUNCTION = YES;
				GCC_WARN_UNUSED_VARIABLE = YES;
				IPHONEOS_DEPLOYMENT_TARGET = 12.1;
				MTL_ENABLE_DEBUG_INFO = NO;
				MTL_FAST_MATH = YES;
				SDKROOT = iphoneos;
				SWIFT_COMPILATION_MODE = wholemodule;
				SWIFT_OPTIMIZATION_LEVEL = "-O";
				VALIDATE_PRODUCT = YES;
			};
			name = Release;
		};
		B0392EB822B8E40300D44BA2 /* Debug */ = {
			isa = XCBuildConfiguration;
			buildSettings = {
				ASSETCATALOG_COMPILER_APPICON_NAME = AppIcon;
				CODE_SIGN_STYLE = Automatic;
				INFOPLIST_FILE = AddEditDelete_Search/Info.plist;
				LD_RUNPATH_SEARCH_PATHS = (
					"$(inherited)",
					"@executable_path/Frameworks",
				);
				PRODUCT_BUNDLE_IDENTIFIER = "-.AddEditDelete-Search";
				PRODUCT_NAME = "$(TARGET_NAME)";
				SWIFT_VERSION = 4.2;
				TARGETED_DEVICE_FAMILY = "1,2";
			};
			name = Debug;
		};
		B0392EB922B8E40300D44BA2 /* Release */ = {
			isa = XCBuildConfiguration;
			buildSettings = {
				ASSETCATALOG_COMPILER_APPICON_NAME = AppIcon;
				CODE_SIGN_STYLE = Automatic;
				INFOPLIST_FILE = AddEditDelete_Search/Info.plist;
				LD_RUNPATH_SEARCH_PATHS = (
					"$(inherited)",
					"@executable_path/Frameworks",
				);
				PRODUCT_BUNDLE_IDENTIFIER = "-.AddEditDelete-Search";
				PRODUCT_NAME = "$(TARGET_NAME)";
				SWIFT_VERSION = 4.2;
				TARGETED_DEVICE_FAMILY = "1,2";
			};
			name = Release;
		};
/* End XCBuildConfiguration section */

/* Begin XCConfigurationList section */
		B0392EA022B8E3FF00D44BA2 /* Build configuration list for PBXProject "AddEditDelete_Search" */ = {
			isa = XCConfigurationList;
			buildConfigurations = (
				B0392EB522B8E40300D44BA2 /* Debug */,
				B0392EB622B8E40300D44BA2 /* Release */,
			);
			defaultConfigurationIsVisible = 0;
			defaultConfigurationName = Release;
		};
		B0392EB722B8E40300D44BA2 /* Build configuration list for PBXNativeTarget "AddEditDelete_Search" */ = {
			isa = XCConfigurationList;
			buildConfigurations = (
				B0392EB822B8E40300D44BA2 /* Debug */,
				B0392EB922B8E40300D44BA2 /* Release */,
			);
			defaultConfigurationIsVisible = 0;
			defaultConfigurationName = Release;
		};
/* End XCConfigurationList section */
	};
	rootObject = B0392E9D22B8E3FF00D44BA2 /* Project object */;
}
